// !$*UTF8*$!
{
	archiveVersion = 1;
	classes = {
	};
	objectVersion = 55;
	objects = {

/* Begin PBXBuildFile section */
		DB489F1029126F6300A5C2F9 /* AppDelegate.swift in Sources */ = {isa = PBXBuildFile; fileRef = DB489F0F29126F6300A5C2F9 /* AppDelegate.swift */; };
		DB489F1229126F6300A5C2F9 /* SceneDelegate.swift in Sources */ = {isa = PBXBuildFile; fileRef = DB489F1129126F6300A5C2F9 /* SceneDelegate.swift */; };
		DB489F1429126F6300A5C2F9 /* ViewController.swift in Sources */ = {isa = PBXBuildFile; fileRef = DB489F1329126F6300A5C2F9 /* ViewController.swift */; };
		DB489F1729126F6300A5C2F9 /* Main.storyboard in Resources */ = {isa = PBXBuildFile; fileRef = DB489F1529126F6300A5C2F9 /* Main.storyboard */; };
		DB489F1929126F6400A5C2F9 /* Assets.xcassets in Resources */ = {isa = PBXBuildFile; fileRef = DB489F1829126F6400A5C2F9 /* Assets.xcassets */; };
		DB489F1C29126F6400A5C2F9 /* LaunchScreen.storyboard in Resources */ = {isa = PBXBuildFile; fileRef = DB489F1A29126F6400A5C2F9 /* LaunchScreen.storyboard */; };
		DB489F2429127EF200A5C2F9 /* LogInViewController.swift in Sources */ = {isa = PBXBuildFile; fileRef = DB489F2329127EF200A5C2F9 /* LogInViewController.swift */; };
		DB489F262912855A00A5C2F9 /* ResumeViewController.swift in Sources */ = {isa = PBXBuildFile; fileRef = DB489F252912855A00A5C2F9 /* ResumeViewController.swift */; };
		DB489F282912858100A5C2F9 /* ProfileViewController.swift in Sources */ = {isa = PBXBuildFile; fileRef = DB489F272912858100A5C2F9 /* ProfileViewController.swift */; };
		DB489F2A2912877800A5C2F9 /* GeneralTabBarController.swift in Sources */ = {isa = PBXBuildFile; fileRef = DB489F292912877800A5C2F9 /* GeneralTabBarController.swift */; };
		DB489F2C2912881700A5C2F9 /* ResumeProfileNavigationControllerViewController.swift in Sources */ = {isa = PBXBuildFile; fileRef = DB489F2B2912881700A5C2F9 /* ResumeProfileNavigationControllerViewController.swift */; };
		DB489F502913C66100A5C2F9 /* SingUpViewController.swift in Sources */ = {isa = PBXBuildFile; fileRef = DB489F4F2913C66100A5C2F9 /* SingUpViewController.swift */; };
		DB489F522913D44700A5C2F9 /* NewItemShoppingListViewController.swift in Sources */ = {isa = PBXBuildFile; fileRef = DB489F512913D44700A5C2F9 /* NewItemShoppingListViewController.swift */; };
		DBB152EF291D344200E0FB3C /* ShoppingListTableViewController.swift in Sources */ = {isa = PBXBuildFile; fileRef = DBB152EE291D344200E0FB3C /* ShoppingListTableViewController.swift */; };
		F02C4FD929793DA80094A09E /* CollectionViewCell.swift in Sources */ = {isa = PBXBuildFile; fileRef = F02C4FD829793DA80094A09E /* CollectionViewCell.swift */; };
		F098EF94297A944700A90524 /* ListasViewController.swift in Sources */ = {isa = PBXBuildFile; fileRef = F098EF93297A944700A90524 /* ListasViewController.swift */; };
		F0CA4BD7298A7F0B00E5EFEE /* NewNoteViewController.swift in Sources */ = {isa = PBXBuildFile; fileRef = F0CA4BD6298A7F0B00E5EFEE /* NewNoteViewController.swift */; };
/* End PBXBuildFile section */

/* Begin PBXFileReference section */
		DB489F0C29126F6300A5C2F9 /* ProyectoIntegrador.app */ = {isa = PBXFileReference; explicitFileType = wrapper.application; includeInIndex = 0; path = ProyectoIntegrador.app; sourceTree = BUILT_PRODUCTS_DIR; };
		DB489F0F29126F6300A5C2F9 /* AppDelegate.swift */ = {isa = PBXFileReference; lastKnownFileType = sourcecode.swift; path = AppDelegate.swift; sourceTree = "<group>"; };
		DB489F1129126F6300A5C2F9 /* SceneDelegate.swift */ = {isa = PBXFileReference; lastKnownFileType = sourcecode.swift; path = SceneDelegate.swift; sourceTree = "<group>"; };
		DB489F1329126F6300A5C2F9 /* ViewController.swift */ = {isa = PBXFileReference; lastKnownFileType = sourcecode.swift; path = ViewController.swift; sourceTree = "<group>"; };
		DB489F1629126F6300A5C2F9 /* Base */ = {isa = PBXFileReference; lastKnownFileType = file.storyboard; name = Base; path = Base.lproj/Main.storyboard; sourceTree = "<group>"; };
		DB489F1829126F6400A5C2F9 /* Assets.xcassets */ = {isa = PBXFileReference; lastKnownFileType = folder.assetcatalog; path = Assets.xcassets; sourceTree = "<group>"; };
		DB489F1B29126F6400A5C2F9 /* Base */ = {isa = PBXFileReference; lastKnownFileType = file.storyboard; name = Base; path = Base.lproj/LaunchScreen.storyboard; sourceTree = "<group>"; };
		DB489F1D29126F6400A5C2F9 /* Info.plist */ = {isa = PBXFileReference; lastKnownFileType = text.plist.xml; path = Info.plist; sourceTree = "<group>"; };
		DB489F2329127EF200A5C2F9 /* LogInViewController.swift */ = {isa = PBXFileReference; lastKnownFileType = sourcecode.swift; path = LogInViewController.swift; sourceTree = "<group>"; };
		DB489F252912855A00A5C2F9 /* ResumeViewController.swift */ = {isa = PBXFileReference; lastKnownFileType = sourcecode.swift; path = ResumeViewController.swift; sourceTree = "<group>"; };
		DB489F272912858100A5C2F9 /* ProfileViewController.swift */ = {isa = PBXFileReference; lastKnownFileType = sourcecode.swift; path = ProfileViewController.swift; sourceTree = "<group>"; };
		DB489F292912877800A5C2F9 /* GeneralTabBarController.swift */ = {isa = PBXFileReference; lastKnownFileType = sourcecode.swift; path = GeneralTabBarController.swift; sourceTree = "<group>"; };
		DB489F2B2912881700A5C2F9 /* ResumeProfileNavigationControllerViewController.swift */ = {isa = PBXFileReference; lastKnownFileType = sourcecode.swift; path = ResumeProfileNavigationControllerViewController.swift; sourceTree = "<group>"; };
		DB489F4F2913C66100A5C2F9 /* SingUpViewController.swift */ = {isa = PBXFileReference; lastKnownFileType = sourcecode.swift; path = SingUpViewController.swift; sourceTree = "<group>"; };
		DB489F512913D44700A5C2F9 /* NewItemShoppingListViewController.swift */ = {isa = PBXFileReference; lastKnownFileType = sourcecode.swift; path = NewItemShoppingListViewController.swift; sourceTree = "<group>"; };
		DBB152EE291D344200E0FB3C /* ShoppingListTableViewController.swift */ = {isa = PBXFileReference; fileEncoding = 4; lastKnownFileType = sourcecode.swift; path = ShoppingListTableViewController.swift; sourceTree = "<group>"; };
		F02C4FD829793DA80094A09E /* CollectionViewCell.swift */ = {isa = PBXFileReference; lastKnownFileType = sourcecode.swift; path = CollectionViewCell.swift; sourceTree = "<group>"; };
		F098EF93297A944700A90524 /* ListasViewController.swift */ = {isa = PBXFileReference; lastKnownFileType = sourcecode.swift; path = ListasViewController.swift; sourceTree = "<group>"; };
		F0CA4BD6298A7F0B00E5EFEE /* NewNoteViewController.swift */ = {isa = PBXFileReference; lastKnownFileType = sourcecode.swift; path = NewNoteViewController.swift; sourceTree = "<group>"; };
/* End PBXFileReference section */

/* Begin PBXFrameworksBuildPhase section */
		DB489F0929126F6300A5C2F9 /* Frameworks */ = {
			isa = PBXFrameworksBuildPhase;
			buildActionMask = 2147483647;
			files = (
			);
			runOnlyForDeploymentPostprocessing = 0;
		};
/* End PBXFrameworksBuildPhase section */

/* Begin PBXGroup section */
		DB489F0329126F6300A5C2F9 = {
			isa = PBXGroup;
			children = (
				DB489F0E29126F6300A5C2F9 /* ProyectoIntegrador */,
				DB489F0D29126F6300A5C2F9 /* Products */,
			);
			sourceTree = "<group>";
		};
		DB489F0D29126F6300A5C2F9 /* Products */ = {
			isa = PBXGroup;
			children = (
				DB489F0C29126F6300A5C2F9 /* ProyectoIntegrador.app */,
			);
			name = Products;
			sourceTree = "<group>";
		};
		DB489F0E29126F6300A5C2F9 /* ProyectoIntegrador */ = {
			isa = PBXGroup;
			children = (
				DB489F0F29126F6300A5C2F9 /* AppDelegate.swift */,
				DB489F1129126F6300A5C2F9 /* SceneDelegate.swift */,
				F098EF93297A944700A90524 /* ListasViewController.swift */,
				F0CA4BD6298A7F0B00E5EFEE /* NewNoteViewController.swift */,
				DB489F1329126F6300A5C2F9 /* ViewController.swift */,
				DB489F2329127EF200A5C2F9 /* LogInViewController.swift */,
				DB489F252912855A00A5C2F9 /* ResumeViewController.swift */,
				DB489F292912877800A5C2F9 /* GeneralTabBarController.swift */,
				DB489F272912858100A5C2F9 /* ProfileViewController.swift */,
				DB489F1529126F6300A5C2F9 /* Main.storyboard */,
				F02C4FD829793DA80094A09E /* CollectionViewCell.swift */,
				DB489F512913D44700A5C2F9 /* NewItemShoppingListViewController.swift */,
				DB489F4F2913C66100A5C2F9 /* SingUpViewController.swift */,
				DB489F2B2912881700A5C2F9 /* ResumeProfileNavigationControllerViewController.swift */,
				DBB152EE291D344200E0FB3C /* ShoppingListTableViewController.swift */,
				DB489F1829126F6400A5C2F9 /* Assets.xcassets */,
				DB489F1A29126F6400A5C2F9 /* LaunchScreen.storyboard */,
				DB489F1D29126F6400A5C2F9 /* Info.plist */,
			);
			path = ProyectoIntegrador;
			sourceTree = "<group>";
		};
/* End PBXGroup section */

/* Begin PBXNativeTarget section */
		DB489F0B29126F6300A5C2F9 /* ProyectoIntegrador */ = {
			isa = PBXNativeTarget;
			buildConfigurationList = DB489F2029126F6400A5C2F9 /* Build configuration list for PBXNativeTarget "ProyectoIntegrador" */;
			buildPhases = (
				DB489F0829126F6300A5C2F9 /* Sources */,
				DB489F0929126F6300A5C2F9 /* Frameworks */,
				DB489F0A29126F6300A5C2F9 /* Resources */,
			);
			buildRules = (
			);
			dependencies = (
			);
			name = ProyectoIntegrador;
			productName = ProyectoIntegrador;
			productReference = DB489F0C29126F6300A5C2F9 /* ProyectoIntegrador.app */;
			productType = "com.apple.product-type.application";
		};
/* End PBXNativeTarget section */

/* Begin PBXProject section */
		DB489F0429126F6300A5C2F9 /* Project object */ = {
			isa = PBXProject;
			attributes = {
				BuildIndependentTargetsInParallel = 1;
				LastSwiftUpdateCheck = 1340;
				LastUpgradeCheck = 1340;
				TargetAttributes = {
					DB489F0B29126F6300A5C2F9 = {
						CreatedOnToolsVersion = 13.4.1;
					};
				};
			};
			buildConfigurationList = DB489F0729126F6300A5C2F9 /* Build configuration list for PBXProject "ProyectoIntegrador" */;
			compatibilityVersion = "Xcode 13.0";
			developmentRegion = en;
			hasScannedForEncodings = 0;
			knownRegions = (
				en,
				Base,
			);
			mainGroup = DB489F0329126F6300A5C2F9;
			productRefGroup = DB489F0D29126F6300A5C2F9 /* Products */;
			projectDirPath = "";
			projectRoot = "";
			targets = (
				DB489F0B29126F6300A5C2F9 /* ProyectoIntegrador */,
			);
		};
/* End PBXProject section */

/* Begin PBXResourcesBuildPhase section */
		DB489F0A29126F6300A5C2F9 /* Resources */ = {
			isa = PBXResourcesBuildPhase;
			buildActionMask = 2147483647;
			files = (
				DB489F1C29126F6400A5C2F9 /* LaunchScreen.storyboard in Resources */,
				DB489F1929126F6400A5C2F9 /* Assets.xcassets in Resources */,
				DB489F1729126F6300A5C2F9 /* Main.storyboard in Resources */,
			);
			runOnlyForDeploymentPostprocessing = 0;
		};
/* End PBXResourcesBuildPhase section */

/* Begin PBXSourcesBuildPhase section */
		DB489F0829126F6300A5C2F9 /* Sources */ = {
			isa = PBXSourcesBuildPhase;
			buildActionMask = 2147483647;
			files = (
				DB489F282912858100A5C2F9 /* ProfileViewController.swift in Sources */,
				DB489F2429127EF200A5C2F9 /* LogInViewController.swift in Sources */,
				F02C4FD929793DA80094A09E /* CollectionViewCell.swift in Sources */,
				DB489F502913C66100A5C2F9 /* SingUpViewController.swift in Sources */,
				DB489F1429126F6300A5C2F9 /* ViewController.swift in Sources */,
				DB489F1029126F6300A5C2F9 /* AppDelegate.swift in Sources */,
				F098EF94297A944700A90524 /* ListasViewController.swift in Sources */,
				DB489F262912855A00A5C2F9 /* ResumeViewController.swift in Sources */,
				DBB152EF291D344200E0FB3C /* ShoppingListTableViewController.swift in Sources */,
				F0CA4BD7298A7F0B00E5EFEE /* NewNoteViewController.swift in Sources */,
				DB489F2C2912881700A5C2F9 /* ResumeProfileNavigationControllerViewController.swift in Sources */,
				DB489F2A2912877800A5C2F9 /* GeneralTabBarController.swift in Sources */,
				DB489F1229126F6300A5C2F9 /* SceneDelegate.swift in Sources */,
				DB489F522913D44700A5C2F9 /* NewItemShoppingListViewController.swift in Sources */,
			);
			runOnlyForDeploymentPostprocessing = 0;
		};
/* End PBXSourcesBuildPhase section */

/* Begin PBXVariantGroup section */
		DB489F1529126F6300A5C2F9 /* Main.storyboard */ = {
			isa = PBXVariantGroup;
			children = (
				DB489F1629126F6300A5C2F9 /* Base */,
			);
			name = Main.storyboard;
			sourceTree = "<group>";
		};
		DB489F1A29126F6400A5C2F9 /* LaunchScreen.storyboard */ = {
			isa = PBXVariantGroup;
			children = (
				DB489F1B29126F6400A5C2F9 /* Base */,
			);
			name = LaunchScreen.storyboard;
			sourceTree = "<group>";
		};
/* End PBXVariantGroup section */

/* Begin XCBuildConfiguration section */
		DB489F1E29126F6400A5C2F9 /* Debug */ = {
			isa = XCBuildConfiguration;
			buildSettings = {
				ALWAYS_SEARCH_USER_PATHS = NO;
				CLANG_ANALYZER_NONNULL = YES;
				CLANG_ANALYZER_NUMBER_OBJECT_CONVERSION = YES_AGGRESSIVE;
				CLANG_CXX_LANGUAGE_STANDARD = "gnu++17";
				CLANG_ENABLE_MODULES = YES;
				CLANG_ENABLE_OBJC_ARC = YES;
				CLANG_ENABLE_OBJC_WEAK = YES;
				CLANG_WARN_BLOCK_CAPTURE_AUTORELEASING = YES;
				CLANG_WARN_BOOL_CONVERSION = YES;
				CLANG_WARN_COMMA = YES;
				CLANG_WARN_CONSTANT_CONVERSION = YES;
				CLANG_WARN_DEPRECATED_OBJC_IMPLEMENTATIONS = YES;
				CLANG_WARN_DIRECT_OBJC_ISA_USAGE = YES_ERROR;
				CLANG_WARN_DOCUMENTATION_COMMENTS = YES;
				CLANG_WARN_EMPTY_BODY = YES;
				CLANG_WARN_ENUM_CONVERSION = YES;
				CLANG_WARN_INFINITE_RECURSION = YES;
				CLANG_WARN_INT_CONVERSION = YES;
				CLANG_WARN_NON_LITERAL_NULL_CONVERSION = YES;
				CLANG_WARN_OBJC_IMPLICIT_RETAIN_SELF = YES;
				CLANG_WARN_OBJC_LITERAL_CONVERSION = YES;
				CLANG_WARN_OBJC_ROOT_CLASS = YES_ERROR;
				CLANG_WARN_QUOTED_INCLUDE_IN_FRAMEWORK_HEADER = YES;
				CLANG_WARN_RANGE_LOOP_ANALYSIS = YES;
				CLANG_WARN_STRICT_PROTOTYPES = YES;
				CLANG_WARN_SUSPICIOUS_MOVE = YES;
				CLANG_WARN_UNGUARDED_AVAILABILITY = YES_AGGRESSIVE;
				CLANG_WARN_UNREACHABLE_CODE = YES;
				CLANG_WARN__DUPLICATE_METHOD_MATCH = YES;
				COPY_PHASE_STRIP = NO;
				DEBUG_INFORMATION_FORMAT = dwarf;
				ENABLE_STRICT_OBJC_MSGSEND = YES;
				ENABLE_TESTABILITY = YES;
				GCC_C_LANGUAGE_STANDARD = gnu11;
				GCC_DYNAMIC_NO_PIC = NO;
				GCC_NO_COMMON_BLOCKS = YES;
				GCC_OPTIMIZATION_LEVEL = 0;
				GCC_PREPROCESSOR_DEFINITIONS = (
					"DEBUG=1",
					"$(inherited)",
				);
				GCC_WARN_64_TO_32_BIT_CONVERSION = YES;
				GCC_WARN_ABOUT_RETURN_TYPE = YES_ERROR;
				GCC_WARN_UNDECLARED_SELECTOR = YES;
				GCC_WARN_UNINITIALIZED_AUTOS = YES_AGGRESSIVE;
				GCC_WARN_UNUSED_FUNCTION = YES;
				GCC_WARN_UNUSED_VARIABLE = YES;
				IPHONEOS_DEPLOYMENT_TARGET = 15.5;
				MTL_ENABLE_DEBUG_INFO = INCLUDE_SOURCE;
				MTL_FAST_MATH = YES;
				ONLY_ACTIVE_ARCH = YES;
				SDKROOT = iphoneos;
				SWIFT_ACTIVE_COMPILATION_CONDITIONS = DEBUG;
				SWIFT_OPTIMIZATION_LEVEL = "-Onone";
			};
			name = Debug;
		};
		DB489F1F29126F6400A5C2F9 /* Release */ = {
			isa = XCBuildConfiguration;
			buildSettings = {
				ALWAYS_SEARCH_USER_PATHS = NO;
				CLANG_ANALYZER_NONNULL = YES;
				CLANG_ANALYZER_NUMBER_OBJECT_CONVERSION = YES_AGGRESSIVE;
				CLANG_CXX_LANGUAGE_STANDARD = "gnu++17";
				CLANG_ENABLE_MODULES = YES;
				CLANG_ENABLE_OBJC_ARC = YES;
				CLANG_ENABLE_OBJC_WEAK = YES;
				CLANG_WARN_BLOCK_CAPTURE_AUTORELEASING = YES;
				CLANG_WARN_BOOL_CONVERSION = YES;
				CLANG_WARN_COMMA = YES;
				CLANG_WARN_CONSTANT_CONVERSION = YES;
				CLANG_WARN_DEPRECATED_OBJC_IMPLEMENTATIONS = YES;
				CLANG_WARN_DIRECT_OBJC_ISA_USAGE = YES_ERROR;
				CLANG_WARN_DOCUMENTATION_COMMENTS = YES;
				CLANG_WARN_EMPTY_BODY = YES;
				CLANG_WARN_ENUM_CONVERSION = YES;
				CLANG_WARN_INFINITE_RECURSION = YES;
				CLANG_WARN_INT_CONVERSION = YES;
				CLANG_WARN_NON_LITERAL_NULL_CONVERSION = YES;
				CLANG_WARN_OBJC_IMPLICIT_RETAIN_SELF = YES;
				CLANG_WARN_OBJC_LITERAL_CONVERSION = YES;
				CLANG_WARN_OBJC_ROOT_CLASS = YES_ERROR;
				CLANG_WARN_QUOTED_INCLUDE_IN_FRAMEWORK_HEADER = YES;
				CLANG_WARN_RANGE_LOOP_ANALYSIS = YES;
				CLANG_WARN_STRICT_PROTOTYPES = YES;
				CLANG_WARN_SUSPICIOUS_MOVE = YES;
				CLANG_WARN_UNGUARDED_AVAILABILITY = YES_AGGRESSIVE;
				CLANG_WARN_UNREACHABLE_CODE = YES;
				CLANG_WARN__DUPLICATE_METHOD_MATCH = YES;
				COPY_PHASE_STRIP = NO;
				DEBUG_INFORMATION_FORMAT = "dwarf-with-dsym";
				ENABLE_NS_ASSERTIONS = NO;
				ENABLE_STRICT_OBJC_MSGSEND = YES;
				GCC_C_LANGUAGE_STANDARD = gnu11;
				GCC_NO_COMMON_BLOCKS = YES;
				GCC_WARN_64_TO_32_BIT_CONVERSION = YES;
				GCC_WARN_ABOUT_RETURN_TYPE = YES_ERROR;
				GCC_WARN_UNDECLARED_SELECTOR = YES;
				GCC_WARN_UNINITIALIZED_AUTOS = YES_AGGRESSIVE;
				GCC_WARN_UNUSED_FUNCTION = YES;
				GCC_WARN_UNUSED_VARIABLE = YES;
				IPHONEOS_DEPLOYMENT_TARGET = 15.5;
				MTL_ENABLE_DEBUG_INFO = NO;
				MTL_FAST_MATH = YES;
				SDKROOT = iphoneos;
				SWIFT_COMPILATION_MODE = wholemodule;
				SWIFT_OPTIMIZATION_LEVEL = "-O";
				VALIDATE_PRODUCT = YES;
			};
			name = Release;
		};
		DB489F2129126F6400A5C2F9 /* Debug */ = {
			isa = XCBuildConfiguration;
			buildSettings = {
				ASSETCATALOG_COMPILER_APPICON_NAME = AppIcon;
				ASSETCATALOG_COMPILER_GLOBAL_ACCENT_COLOR_NAME = AccentColor;
				CODE_SIGN_STYLE = Automatic;
				CURRENT_PROJECT_VERSION = 1;
				GENERATE_INFOPLIST_FILE = YES;
				INFOPLIST_FILE = ProyectoIntegrador/Info.plist;
				INFOPLIST_KEY_UIApplicationSupportsIndirectInputEvents = YES;
				INFOPLIST_KEY_UILaunchStoryboardName = LaunchScreen;
				INFOPLIST_KEY_UIMainStoryboardFile = Main;
				INFOPLIST_KEY_UISupportedInterfaceOrientations_iPad = "UIInterfaceOrientationPortrait UIInterfaceOrientationPortraitUpsideDown UIInterfaceOrientationLandscapeLeft UIInterfaceOrientationLandscapeRight";
				INFOPLIST_KEY_UISupportedInterfaceOrientations_iPhone = "UIInterfaceOrientationPortrait UIInterfaceOrientationLandscapeLeft UIInterfaceOrientationLandscapeRight";
				LD_RUNPATH_SEARCH_PATHS = (
					"$(inherited)",
					"@executable_path/Frameworks",
				);
				MARKETING_VERSION = 1.0;
				PRODUCT_BUNDLE_IDENTIFIER = Miguel.ProyectoIntegrador;
				PRODUCT_NAME = "$(TARGET_NAME)";
				SWIFT_EMIT_LOC_STRINGS = YES;
				SWIFT_VERSION = 5.0;
				TARGETED_DEVICE_FAMILY = "1,2";
			};
			name = Debug;
		};
		DB489F2229126F6400A5C2F9 /* Release */ = {
			isa = XCBuildConfiguration;
			buildSettings = {
				ASSETCATALOG_COMPILER_APPICON_NAME = AppIcon;
				ASSETCATALOG_COMPILER_GLOBAL_ACCENT_COLOR_NAME = AccentColor;
				CODE_SIGN_STYLE = Automatic;
				CURRENT_PROJECT_VERSION = 1;
				GENERATE_INFOPLIST_FILE = YES;
				INFOPLIST_FILE = ProyectoIntegrador/Info.plist;
				INFOPLIST_KEY_UIApplicationSupportsIndirectInputEvents = YES;
				INFOPLIST_KEY_UILaunchStoryboardName = LaunchScreen;
				INFOPLIST_KEY_UIMainStoryboardFile = Main;
				INFOPLIST_KEY_UISupportedInterfaceOrientations_iPad = "UIInterfaceOrientationPortrait UIInterfaceOrientationPortraitUpsideDown UIInterfaceOrientationLandscapeLeft UIInterfaceOrientationLandscapeRight";
				INFOPLIST_KEY_UISupportedInterfaceOrientations_iPhone = "UIInterfaceOrientationPortrait UIInterfaceOrientationLandscapeLeft UIInterfaceOrientationLandscapeRight";
				LD_RUNPATH_SEARCH_PATHS = (
					"$(inherited)",
					"@executable_path/Frameworks",
				);
				MARKETING_VERSION = 1.0;
				PRODUCT_BUNDLE_IDENTIFIER = Miguel.ProyectoIntegrador;
				PRODUCT_NAME = "$(TARGET_NAME)";
				SWIFT_EMIT_LOC_STRINGS = YES;
				SWIFT_VERSION = 5.0;
				TARGETED_DEVICE_FAMILY = "1,2";
			};
			name = Release;
		};
/* End XCBuildConfiguration section */

/* Begin XCConfigurationList section */
		DB489F0729126F6300A5C2F9 /* Build configuration list for PBXProject "ProyectoIntegrador" */ = {
			isa = XCConfigurationList;
			buildConfigurations = (
				DB489F1E29126F6400A5C2F9 /* Debug */,
				DB489F1F29126F6400A5C2F9 /* Release */,
			);
			defaultConfigurationIsVisible = 0;
			defaultConfigurationName = Release;
		};
		DB489F2029126F6400A5C2F9 /* Build configuration list for PBXNativeTarget "ProyectoIntegrador" */ = {
			isa = XCConfigurationList;
			buildConfigurations = (
				DB489F2129126F6400A5C2F9 /* Debug */,
				DB489F2229126F6400A5C2F9 /* Release */,
			);
			defaultConfigurationIsVisible = 0;
			defaultConfigurationName = Release;
		};
/* End XCConfigurationList section */
	};
	rootObject = DB489F0429126F6300A5C2F9 /* Project object */;
}
